
Microsoft Visual Studio Solution File, Format Version 12.00
# Visual Studio Version 17
VisualStudioVersion = 17.8.34322.80
MinimumVisualStudioVersion = 10.0.40219.1
Project("{8BC9CEB8-8B4A-11D0-8D11-00A0C91BC942}") = "1-3-5局部变量的作用域", "1-3-5局部变量的作用域\1-3-5局部变量的作用域.vcxproj", "{5B46DB60-8540-4475-B025-098AF9A47393}"
EndProject
Global
	GlobalSection(SolutionConfigurationPlatforms) = preSolution
		Debug|x64 = Debug|x64
		Debug|x86 = Debug|x86
		Release|x64 = Release|x64
		Release|x86 = Release|x86
	EndGlobalSection
	GlobalSection(ProjectConfigurationPlatforms) = postSolution
		{5B46DB60-8540-4475-B025-098AF9A47393}.Debug|x64.ActiveCfg = Debug|x64
		{5B46DB60-8540-4475-B025-098AF9A47393}.Debug|x64.Build.0 = Debug|x64
		{5B46DB60-8540-4475-B025-098AF9A47393}.Debug|x86.ActiveCfg = Debug|Win32
		{5B46DB60-8540-4475-B025-098AF9A47393}.Debug|x86.Build.0 = Debug|Win32
		{5B46DB60-8540-4475-B025-098AF9A47393}.Release|x64.ActiveCfg = Release|x64
		{5B46DB60-8540-4475-B025-098AF9A47393}.Release|x64.Build.0 = Release|x64
		{5B46DB60-8540-4475-B025-098AF9A47393}.Release|x86.ActiveCfg = Release|Win32
		{5B46DB60-8540-4475-B025-098AF9A47393}.Release|x86.Build.0 = Release|Win32
	EndGlobalSection
	GlobalSection(SolutionProperties) = preSolution
		HideSolutionNode = FALSE
	EndGlobalSection
	GlobalSection(ExtensibilityGlobals) = postSolution
		SolutionGuid = {FCD33A5A-AB71-4EDC-B94D-A439153F5631}
	EndGlobalSection
EndGlobal
